
Microsoft Visual Studio Solution File, Format Version 12.00
# Visual Studio Version 17
VisualStudioVersion = 17.7.34024.191
MinimumVisualStudioVersion = 10.0.40219.1
Project("{FAE04EC0-301F-11D3-BF4B-00C04F79EFBC}") = "BusTicketV1", "BusTicketV1\BusTicketV1.csproj", "{51185530-BB1A-4689-8105-214CC742E35D}"
EndProject
Global
	GlobalSection(SolutionConfigurationPlatforms) = preSolution
		Debug|Any CPU = Debug|Any CPU
		Release|Any CPU = Release|Any CPU
	EndGlobalSection
	GlobalSection(ProjectConfigurationPlatforms) = postSolution
		{51185530-BB1A-4689-8105-214CC742E35D}.Debug|Any CPU.ActiveCfg = Debug|Any CPU
		{51185530-BB1A-4689-8105-214CC742E35D}.Debug|Any CPU.Build.0 = Debug|Any CPU
		{51185530-BB1A-4689-8105-214CC742E35D}.Release|Any CPU.ActiveCfg = Release|Any CPU
		{51185530-BB1A-4689-8105-214CC742E35D}.Release|Any CPU.Build.0 = Release|Any CPU
	EndGlobalSection
	GlobalSection(SolutionProperties) = preSolution
		HideSolutionNode = FALSE
	EndGlobalSection
	GlobalSection(ExtensibilityGlobals) = postSolution
		SolutionGuid = {0F20E497-681C-4F94-9C31-4F353795839F}
	EndGlobalSection
EndGlobal
